// !$*UTF8*$!
{
	archiveVersion = 1;
	classes = {
	};
	objectVersion = 46;
	objects = {

/* Begin PBXBuildFile section */
		13E8748A1D11F2B5007E9C9C /* AppDelegate.swift in Sources */ = {isa = PBXBuildFile; fileRef = 13E874891D11F2B5007E9C9C /* AppDelegate.swift */; };
		13E8748F1D11F2B5007E9C9C /* Main.storyboard in Resources */ = {isa = PBXBuildFile; fileRef = 13E8748D1D11F2B5007E9C9C /* Main.storyboard */; };
		13E874911D11F2B5007E9C9C /* Assets.xcassets in Resources */ = {isa = PBXBuildFile; fileRef = 13E874901D11F2B5007E9C9C /* Assets.xcassets */; };
		13E874941D11F2B5007E9C9C /* LaunchScreen.storyboard in Resources */ = {isa = PBXBuildFile; fileRef = 13E874921D11F2B5007E9C9C /* LaunchScreen.storyboard */; };
		13E8749E1D11F367007E9C9C /* MoviesViewController.swift in Sources */ = {isa = PBXBuildFile; fileRef = 13E8749D1D11F367007E9C9C /* MoviesViewController.swift */; };
		13E874A11D11FF0F007E9C9C /* MovieCell.swift in Sources */ = {isa = PBXBuildFile; fileRef = 13E874A01D11FF0F007E9C9C /* MovieCell.swift */; };
		1B951892A2089A3C4DF1DD9E /* Pods_flix.framework in Frameworks */ = {isa = PBXBuildFile; fileRef = BDFF1128A31D4F84B97734B8 /* Pods_flix.framework */; };
/* End PBXBuildFile section */

/* Begin PBXFileReference section */
		13E874861D11F2B5007E9C9C /* flix.app */ = {isa = PBXFileReference; explicitFileType = wrapper.application; includeInIndex = 0; path = flix.app; sourceTree = BUILT_PRODUCTS_DIR; };
		13E874891D11F2B5007E9C9C /* AppDelegate.swift */ = {isa = PBXFileReference; lastKnownFileType = sourcecode.swift; path = AppDelegate.swift; sourceTree = "<group>"; };
		13E8748E1D11F2B5007E9C9C /* Base */ = {isa = PBXFileReference; lastKnownFileType = file.storyboard; name = Base; path = Base.lproj/Main.storyboard; sourceTree = "<group>"; };
		13E874901D11F2B5007E9C9C /* Assets.xcassets */ = {isa = PBXFileReference; lastKnownFileType = folder.assetcatalog; path = Assets.xcassets; sourceTree = "<group>"; };
		13E874931D11F2B5007E9C9C /* Base */ = {isa = PBXFileReference; lastKnownFileType = file.storyboard; name = Base; path = Base.lproj/LaunchScreen.storyboard; sourceTree = "<group>"; };
		13E874951D11F2B5007E9C9C /* Info.plist */ = {isa = PBXFileReference; lastKnownFileType = text.plist.xml; path = Info.plist; sourceTree = "<group>"; };
		13E8749D1D11F367007E9C9C /* MoviesViewController.swift */ = {isa = PBXFileReference; fileEncoding = 4; lastKnownFileType = sourcecode.swift; path = MoviesViewController.swift; sourceTree = "<group>"; };
		13E874A01D11FF0F007E9C9C /* MovieCell.swift */ = {isa = PBXFileReference; fileEncoding = 4; lastKnownFileType = sourcecode.swift; path = MovieCell.swift; sourceTree = "<group>"; };
		ADCAAF295D04BD4652A1C5D4 /* Pods-flix.release.xcconfig */ = {isa = PBXFileReference; includeInIndex = 1; lastKnownFileType = text.xcconfig; name = "Pods-flix.release.xcconfig"; path = "Pods/Target Support Files/Pods-flix/Pods-flix.release.xcconfig"; sourceTree = "<group>"; };
		BDFF1128A31D4F84B97734B8 /* Pods_flix.framework */ = {isa = PBXFileReference; explicitFileType = wrapper.framework; includeInIndex = 0; path = Pods_flix.framework; sourceTree = BUILT_PRODUCTS_DIR; };
		E4F48BA1478759FD0B475806 /* Pods-flix.debug.xcconfig */ = {isa = PBXFileReference; includeInIndex = 1; lastKnownFileType = text.xcconfig; name = "Pods-flix.debug.xcconfig"; path = "Pods/Target Support Files/Pods-flix/Pods-flix.debug.xcconfig"; sourceTree = "<group>"; };
/* End PBXFileReference section */

/* Begin PBXFrameworksBuildPhase section */
		13E874831D11F2B5007E9C9C /* Frameworks */ = {
			isa = PBXFrameworksBuildPhase;
			buildActionMask = 2147483647;
			files = (
				1B951892A2089A3C4DF1DD9E /* Pods_flix.framework in Frameworks */,
			);
			runOnlyForDeploymentPostprocessing = 0;
		};
/* End PBXFrameworksBuildPhase section */

/* Begin PBXGroup section */
		13E8747D1D11F2B5007E9C9C = {
			isa = PBXGroup;
			children = (
				13E874881D11F2B5007E9C9C /* flix */,
				13E874871D11F2B5007E9C9C /* Products */,
				1B2BC690F0639FD263DD5659 /* Pods */,
				65EF6F59C685B8585FA99999 /* Frameworks */,
			);
			sourceTree = "<group>";
		};
		13E874871D11F2B5007E9C9C /* Products */ = {
			isa = PBXGroup;
			children = (
				13E874861D11F2B5007E9C9C /* flix.app */,
			);
			name = Products;
			sourceTree = "<group>";
		};
		13E874881D11F2B5007E9C9C /* flix */ = {
			isa = PBXGroup;
			children = (
				13E874A21D11FF1C007E9C9C /* View Controllers */,
				13E8749F1D11FEDC007E9C9C /* Views */,
				13E874891D11F2B5007E9C9C /* AppDelegate.swift */,
				13E8748D1D11F2B5007E9C9C /* Main.storyboard */,
				13E874901D11F2B5007E9C9C /* Assets.xcassets */,
				13E874921D11F2B5007E9C9C /* LaunchScreen.storyboard */,
				13E874951D11F2B5007E9C9C /* Info.plist */,
			);
			path = flix;
			sourceTree = "<group>";
		};
		13E8749F1D11FEDC007E9C9C /* Views */ = {
			isa = PBXGroup;
			children = (
				13E874A01D11FF0F007E9C9C /* MovieCell.swift */,
			);
			name = Views;
			sourceTree = "<group>";
		};
		13E874A21D11FF1C007E9C9C /* View Controllers */ = {
			isa = PBXGroup;
			children = (
				13E8749D1D11F367007E9C9C /* MoviesViewController.swift */,
			);
			name = "View Controllers";
			sourceTree = "<group>";
		};
		1B2BC690F0639FD263DD5659 /* Pods */ = {
			isa = PBXGroup;
			children = (
				E4F48BA1478759FD0B475806 /* Pods-flix.debug.xcconfig */,
				ADCAAF295D04BD4652A1C5D4 /* Pods-flix.release.xcconfig */,
			);
			name = Pods;
			sourceTree = "<group>";
		};
		65EF6F59C685B8585FA99999 /* Frameworks */ = {
			isa = PBXGroup;
			children = (
				BDFF1128A31D4F84B97734B8 /* Pods_flix.framework */,
			);
			name = Frameworks;
			sourceTree = "<group>";
		};
/* End PBXGroup section */

/* Begin PBXNativeTarget section */
		13E874851D11F2B5007E9C9C /* flix */ = {
			isa = PBXNativeTarget;
			buildConfigurationList = 13E874981D11F2B5007E9C9C /* Build configuration list for PBXNativeTarget "flix" */;
			buildPhases = (
				9806AF19D3A0A3E5CC81AA04 /* [CP] Check Pods Manifest.lock */,
				13E874821D11F2B5007E9C9C /* Sources */,
				13E874831D11F2B5007E9C9C /* Frameworks */,
				13E874841D11F2B5007E9C9C /* Resources */,
				1B6C7318480E441230E9C966 /* [CP] Embed Pods Frameworks */,
				D040EFB83640601F5FBCD49D /* [CP] Copy Pods Resources */,
			);
			buildRules = (
			);
			dependencies = (
			);
			name = flix;
			productName = flix;
			productReference = 13E874861D11F2B5007E9C9C /* flix.app */;
			productType = "com.apple.product-type.application";
		};
/* End PBXNativeTarget section */

/* Begin PBXProject section */
		13E8747E1D11F2B5007E9C9C /* Project object */ = {
			isa = PBXProject;
			attributes = {
				LastSwiftUpdateCheck = 0730;
				LastUpgradeCheck = 0730;
				ORGANIZATIONNAME = "Nicole Mitchell";
				TargetAttributes = {
					13E874851D11F2B5007E9C9C = {
						CreatedOnToolsVersion = 7.3.1;
					};
				};
			};
			buildConfigurationList = 13E874811D11F2B5007E9C9C /* Build configuration list for PBXProject "flix" */;
			compatibilityVersion = "Xcode 3.2";
			developmentRegion = English;
			hasScannedForEncodings = 0;
			knownRegions = (
				en,
				Base,
			);
			mainGroup = 13E8747D1D11F2B5007E9C9C;
			productRefGroup = 13E874871D11F2B5007E9C9C /* Products */;
			projectDirPath = "";
			projectRoot = "";
			targets = (
				13E874851D11F2B5007E9C9C /* flix */,
			);
		};
/* End PBXProject section */

/* Begin PBXResourcesBuildPhase section */
		13E874841D11F2B5007E9C9C /* Resources */ = {
			isa = PBXResourcesBuildPhase;
			buildActionMask = 2147483647;
			files = (
				13E874941D11F2B5007E9C9C /* LaunchScreen.storyboard in Resources */,
				13E874911D11F2B5007E9C9C /* Assets.xcassets in Resources */,
				13E8748F1D11F2B5007E9C9C /* Main.storyboard in Resources */,
			);
			runOnlyForDeploymentPostprocessing = 0;
		};
/* End PBXResourcesBuildPhase section */

/* Begin PBXShellScriptBuildPhase section */
		1B6C7318480E441230E9C966 /* [CP] Embed Pods Frameworks */ = {
			isa = PBXShellScriptBuildPhase;
			buildActionMask = 2147483647;
			files = (
			);
			inputPaths = (
			);
			name = "[CP] Embed Pods Frameworks";
			outputPaths = (
			);
			runOnlyForDeploymentPostprocessing = 0;
			shellPath = /bin/sh;
			shellScript = "\"${SRCROOT}/Pods/Target Support Files/Pods-flix/Pods-flix-frameworks.sh\"\n";
			showEnvVarsInLog = 0;
		};
		9806AF19D3A0A3E5CC81AA04 /* [CP] Check Pods Manifest.lock */ = {
			isa = PBXShellScriptBuildPhase;
			buildActionMask = 2147483647;
			files = (
			);
			inputPaths = (
			);
			name = "[CP] Check Pods Manifest.lock";
			outputPaths = (
			);
			runOnlyForDeploymentPostprocessing = 0;
			shellPath = /bin/sh;
			shellScript = "diff \"${PODS_ROOT}/../Podfile.lock\" \"${PODS_ROOT}/Manifest.lock\" > /dev/null\nif [[ $? != 0 ]] ; then\n    cat << EOM\nerror: The sandbox is not in sync with the Podfile.lock. Run 'pod install' or update your CocoaPods installation.\nEOM\n    exit 1\nfi\n";
			showEnvVarsInLog = 0;
		};
		D040EFB83640601F5FBCD49D /* [CP] Copy Pods Resources */ = {
			isa = PBXShellScriptBuildPhase;
			buildActionMask = 2147483647;
			files = (
			);
			inputPaths = (
			);
			name = "[CP] Copy Pods Resources";
			outputPaths = (
			);
			runOnlyForDeploymentPostprocessing = 0;
			shellPath = /bin/sh;
			shellScript = "\"${SRCROOT}/Pods/Target Support Files/Pods-flix/Pods-flix-resources.sh\"\n";
			showEnvVarsInLog = 0;
		};
/* End PBXShellScriptBuildPhase section */

/* Begin PBXSourcesBuildPhase section */
		13E874821D11F2B5007E9C9C /* Sources */ = {
			isa = PBXSourcesBuildPhase;
			buildActionMask = 2147483647;
			files = (
				13E8748A1D11F2B5007E9C9C /* AppDelegate.swift in Sources */,
				13E8749E1D11F367007E9C9C /* MoviesViewController.swift in Sources */,
				13E874A11D11FF0F007E9C9C /* MovieCell.swift in Sources */,
			);
			runOnlyForDeploymentPostprocessing = 0;
		};
/* End PBXSourcesBuildPhase section */

/* Begin PBXVariantGroup section */
		13E8748D1D11F2B5007E9C9C /* Main.storyboard */ = {
			isa = PBXVariantGroup;
			children = (
				13E8748E1D11F2B5007E9C9C /* Base */,
			);
			name = Main.storyboard;
			sourceTree = "<group>";
		};
		13E874921D11F2B5007E9C9C /* LaunchScreen.storyboard */ = {
			isa = PBXVariantGroup;
			children = (
				13E874931D11F2B5007E9C9C /* Base */,
			);
			name = LaunchScreen.storyboard;
			sourceTree = "<group>";
		};
/* End PBXVariantGroup section */

/* Begin XCBuildConfiguration section */
		13E874961D11F2B5007E9C9C /* Debug */ = {
			isa = XCBuildConfiguration;
			buildSettings = {
				ALWAYS_SEARCH_USER_PATHS = NO;
				CLANG_ANALYZER_NONNULL = YES;
				CLANG_CXX_LANGUAGE_STANDARD = "gnu++0x";
				CLANG_CXX_LIBRARY = "libc++";
				CLANG_ENABLE_MODULES = YES;
				CLANG_ENABLE_OBJC_ARC = YES;
				CLANG_WARN_BOOL_CONVERSION = YES;
				CLANG_WARN_CONSTANT_CONVERSION = YES;
				CLANG_WARN_DIRECT_OBJC_ISA_USAGE = YES_ERROR;
				CLANG_WARN_EMPTY_BODY = YES;
				CLANG_WARN_ENUM_CONVERSION = YES;
				CLANG_WARN_INT_CONVERSION = YES;
				CLANG_WARN_OBJC_ROOT_CLASS = YES_ERROR;
				CLANG_WARN_UNREACHABLE_CODE = YES;
				CLANG_WARN__DUPLICATE_METHOD_MATCH = YES;
				"CODE_SIGN_IDENTITY[sdk=iphoneos*]" = "iPhone Developer";
				COPY_PHASE_STRIP = NO;
				DEBUG_INFORMATION_FORMAT = dwarf;
				ENABLE_STRICT_OBJC_MSGSEND = YES;
				ENABLE_TESTABILITY = YES;
				GCC_C_LANGUAGE_STANDARD = gnu99;
				GCC_DYNAMIC_NO_PIC = NO;
				GCC_NO_COMMON_BLOCKS = YES;
				GCC_OPTIMIZATION_LEVEL = 0;
				GCC_PREPROCESSOR_DEFINITIONS = (
					"DEBUG=1",
					"$(inherited)",
				);
				GCC_WARN_64_TO_32_BIT_CONVERSION = YES;
				GCC_WARN_ABOUT_RETURN_TYPE = YES_ERROR;
				GCC_WARN_UNDECLARED_SELECTOR = YES;
				GCC_WARN_UNINITIALIZED_AUTOS = YES_AGGRESSIVE;
				GCC_WARN_UNUSED_FUNCTION = YES;
				GCC_WARN_UNUSED_VARIABLE = YES;
				IPHONEOS_DEPLOYMENT_TARGET = 9.3;
				MTL_ENABLE_DEBUG_INFO = YES;
				ONLY_ACTIVE_ARCH = YES;
				SDKROOT = iphoneos;
				SWIFT_OPTIMIZATION_LEVEL = "-Onone";
			};
			name = Debug;
		};
		13E874971D11F2B5007E9C9C /* Release */ = {
			isa = XCBuildConfiguration;
			buildSettings = {
				ALWAYS_SEARCH_USER_PATHS = NO;
				CLANG_ANALYZER_NONNULL = YES;
				CLANG_CXX_LANGUAGE_STANDARD = "gnu++0x";
				CLANG_CXX_LIBRARY = "libc++";
				CLANG_ENABLE_MODULES = YES;
				CLANG_ENABLE_OBJC_ARC = YES;
				CLANG_WARN_BOOL_CONVERSION = YES;
				CLANG_WARN_CONSTANT_CONVERSION = YES;
				CLANG_WARN_DIRECT_OBJC_ISA_USAGE = YES_ERROR;
				CLANG_WARN_EMPTY_BODY = YES;
				CLANG_WARN_ENUM_CONVERSION = YES;
				CLANG_WARN_INT_CONVERSION = YES;
				CLANG_WARN_OBJC_ROOT_CLASS = YES_ERROR;
				CLANG_WARN_UNREACHABLE_CODE = YES;
				CLANG_WARN__DUPLICATE_METHOD_MATCH = YES;
				"CODE_SIGN_IDENTITY[sdk=iphoneos*]" = "iPhone Developer";
				COPY_PHASE_STRIP = NO;
				DEBUG_INFORMATION_FORMAT = "dwarf-with-dsym";
				ENABLE_NS_ASSERTIONS = NO;
				ENABLE_STRICT_OBJC_MSGSEND = YES;
				GCC_C_LANGUAGE_STANDARD = gnu99;
				GCC_NO_COMMON_BLOCKS = YES;
				GCC_WARN_64_TO_32_BIT_CONVERSION = YES;
				GCC_WARN_ABOUT_RETURN_TYPE = YES_ERROR;
				GCC_WARN_UNDECLARED_SELECTOR = YES;
				GCC_WARN_UNINITIALIZED_AUTOS = YES_AGGRESSIVE;
				GCC_WARN_UNUSED_FUNCTION = YES;
				GCC_WARN_UNUSED_VARIABLE = YES;
				IPHONEOS_DEPLOYMENT_TARGET = 9.3;
				MTL_ENABLE_DEBUG_INFO = NO;
				SDKROOT = iphoneos;
				VALIDATE_PRODUCT = YES;
			};
			name = Release;
		};
		13E874991D11F2B5007E9C9C /* Debug */ = {
			isa = XCBuildConfiguration;
			baseConfigurationReference = E4F48BA1478759FD0B475806 /* Pods-flix.debug.xcconfig */;
			buildSettings = {
				ASSETCATALOG_COMPILER_APPICON_NAME = AppIcon;
				INFOPLIST_FILE = flix/Info.plist;
				LD_RUNPATH_SEARCH_PATHS = "$(inherited) @executable_path/Frameworks";
				PRODUCT_BUNDLE_IDENTIFIER = fbucodepath.flix;
				PRODUCT_NAME = "$(TARGET_NAME)";
			};
			name = Debug;
		};
		13E8749A1D11F2B5007E9C9C /* Release */ = {
			isa = XCBuildConfiguration;
			baseConfigurationReference = ADCAAF295D04BD4652A1C5D4 /* Pods-flix.release.xcconfig */;
			buildSettings = {
				ASSETCATALOG_COMPILER_APPICON_NAME = AppIcon;
				INFOPLIST_FILE = flix/Info.plist;
				LD_RUNPATH_SEARCH_PATHS = "$(inherited) @executable_path/Frameworks";
				PRODUCT_BUNDLE_IDENTIFIER = fbucodepath.flix;
				PRODUCT_NAME = "$(TARGET_NAME)";
			};
			name = Release;
		};
/* End XCBuildConfiguration section */

/* Begin XCConfigurationList section */
		13E874811D11F2B5007E9C9C /* Build configuration list for PBXProject "flix" */ = {
			isa = XCConfigurationList;
			buildConfigurations = (
				13E874961D11F2B5007E9C9C /* Debug */,
				13E874971D11F2B5007E9C9C /* Release */,
			);
			defaultConfigurationIsVisible = 0;
			defaultConfigurationName = Release;
		};
		13E874981D11F2B5007E9C9C /* Build configuration list for PBXNativeTarget "flix" */ = {
			isa = XCConfigurationList;
			buildConfigurations = (
				13E874991D11F2B5007E9C9C /* Debug */,
				13E8749A1D11F2B5007E9C9C /* Release */,
			);
			defaultConfigurationIsVisible = 0;
			defaultConfigurationName = Release;
		};
/* End XCConfigurationList section */
	};
	rootObject = 13E8747E1D11F2B5007E9C9C /* Project object */;
}
